// !$*UTF8*$!
{
	archiveVersion = 1;
	classes = {
	};
	objectVersion = 50;
	objects = {

/* Begin PBXBuildFile section */
		528884A320C3CACE007D90BD /* AppDelegate.swift in Sources */ = {isa = PBXBuildFile; fileRef = 528884A220C3CACE007D90BD /* AppDelegate.swift */; };
		528884A520C3CACE007D90BD /* ViewController.swift in Sources */ = {isa = PBXBuildFile; fileRef = 528884A420C3CACE007D90BD /* ViewController.swift */; };
		528884A820C3CACE007D90BD /* Main.storyboard in Resources */ = {isa = PBXBuildFile; fileRef = 528884A620C3CACE007D90BD /* Main.storyboard */; };
		528884AA20C3CACF007D90BD /* Assets.xcassets in Resources */ = {isa = PBXBuildFile; fileRef = 528884A920C3CACF007D90BD /* Assets.xcassets */; };
		528884AD20C3CACF007D90BD /* LaunchScreen.storyboard in Resources */ = {isa = PBXBuildFile; fileRef = 528884AB20C3CACF007D90BD /* LaunchScreen.storyboard */; };
		528884B820C3CACF007D90BD /* TestProjectTests.swift in Sources */ = {isa = PBXBuildFile; fileRef = 528884B720C3CACF007D90BD /* TestProjectTests.swift */; };
		528884C320C3CACF007D90BD /* TestProjectUITests.swift in Sources */ = {isa = PBXBuildFile; fileRef = 528884C220C3CACF007D90BD /* TestProjectUITests.swift */; };
/* End PBXBuildFile section */

/* Begin PBXContainerItemProxy section */
		528884B420C3CACF007D90BD /* PBXContainerItemProxy */ = {
			isa = PBXContainerItemProxy;
			containerPortal = 5288849720C3CACE007D90BD /* Project object */;
			proxyType = 1;
			remoteGlobalIDString = 5288849E20C3CACE007D90BD;
			remoteInfo = TestProject;
		};
		528884BF20C3CACF007D90BD /* PBXContainerItemProxy */ = {
			isa = PBXContainerItemProxy;
			containerPortal = 5288849720C3CACE007D90BD /* Project object */;
			proxyType = 1;
			remoteGlobalIDString = 5288849E20C3CACE007D90BD;
			remoteInfo = TestProject;
		};
/* End PBXContainerItemProxy section */

/* Begin PBXFileReference section */
		5288849F20C3CACE007D90BD /* Janken_Battle.app */ = {isa = PBXFileReference; explicitFileType = wrapper.application; includeInIndex = 0; path = Janken_Battle.app; sourceTree = BUILT_PRODUCTS_DIR; };
		528884A220C3CACE007D90BD /* AppDelegate.swift */ = {isa = PBXFileReference; lastKnownFileType = sourcecode.swift; path = AppDelegate.swift; sourceTree = "<group>"; };
		528884A420C3CACE007D90BD /* ViewController.swift */ = {isa = PBXFileReference; lastKnownFileType = sourcecode.swift; path = ViewController.swift; sourceTree = "<group>"; };
		528884A720C3CACE007D90BD /* Base */ = {isa = PBXFileReference; lastKnownFileType = file.storyboard; name = Base; path = Base.lproj/Main.storyboard; sourceTree = "<group>"; };
		528884A920C3CACF007D90BD /* Assets.xcassets */ = {isa = PBXFileReference; lastKnownFileType = folder.assetcatalog; path = Assets.xcassets; sourceTree = "<group>"; };
		528884AC20C3CACF007D90BD /* Base */ = {isa = PBXFileReference; lastKnownFileType = file.storyboard; name = Base; path = Base.lproj/LaunchScreen.storyboard; sourceTree = "<group>"; };
		528884AE20C3CACF007D90BD /* Info.plist */ = {isa = PBXFileReference; lastKnownFileType = text.plist.xml; path = Info.plist; sourceTree = "<group>"; };
		528884B320C3CACF007D90BD /* Janken_BattleTests.xctest */ = {isa = PBXFileReference; explicitFileType = wrapper.cfbundle; includeInIndex = 0; path = Janken_BattleTests.xctest; sourceTree = BUILT_PRODUCTS_DIR; };
		528884B720C3CACF007D90BD /* TestProjectTests.swift */ = {isa = PBXFileReference; lastKnownFileType = sourcecode.swift; path = TestProjectTests.swift; sourceTree = "<group>"; };
		528884B920C3CACF007D90BD /* Info.plist */ = {isa = PBXFileReference; lastKnownFileType = text.plist.xml; path = Info.plist; sourceTree = "<group>"; };
		528884BE20C3CACF007D90BD /* Janken_BattleUITests.xctest */ = {isa = PBXFileReference; explicitFileType = wrapper.cfbundle; includeInIndex = 0; path = Janken_BattleUITests.xctest; sourceTree = BUILT_PRODUCTS_DIR; };
		528884C220C3CACF007D90BD /* TestProjectUITests.swift */ = {isa = PBXFileReference; lastKnownFileType = sourcecode.swift; path = TestProjectUITests.swift; sourceTree = "<group>"; };
		528884C420C3CACF007D90BD /* Info.plist */ = {isa = PBXFileReference; lastKnownFileType = text.plist.xml; path = Info.plist; sourceTree = "<group>"; };
/* End PBXFileReference section */

/* Begin PBXFrameworksBuildPhase section */
		5288849C20C3CACE007D90BD /* Frameworks */ = {
			isa = PBXFrameworksBuildPhase;
			buildActionMask = 2147483647;
			files = (
			);
			runOnlyForDeploymentPostprocessing = 0;
		};
		528884B020C3CACF007D90BD /* Frameworks */ = {
			isa = PBXFrameworksBuildPhase;
			buildActionMask = 2147483647;
			files = (
			);
			runOnlyForDeploymentPostprocessing = 0;
		};
		528884BB20C3CACF007D90BD /* Frameworks */ = {
			isa = PBXFrameworksBuildPhase;
			buildActionMask = 2147483647;
			files = (
			);
			runOnlyForDeploymentPostprocessing = 0;
		};
/* End PBXFrameworksBuildPhase section */

/* Begin PBXGroup section */
		5288849620C3CACE007D90BD = {
			isa = PBXGroup;
			children = (
				528884A120C3CACE007D90BD /* TestProject */,
				528884B620C3CACF007D90BD /* TestProjectTests */,
				528884C120C3CACF007D90BD /* TestProjectUITests */,
				528884A020C3CACE007D90BD /* Products */,
			);
			sourceTree = "<group>";
		};
		528884A020C3CACE007D90BD /* Products */ = {
			isa = PBXGroup;
			children = (
				5288849F20C3CACE007D90BD /* Janken_Battle.app */,
				528884B320C3CACF007D90BD /* Janken_BattleTests.xctest */,
				528884BE20C3CACF007D90BD /* Janken_BattleUITests.xctest */,
			);
			name = Products;
			sourceTree = "<group>";
		};
		528884A120C3CACE007D90BD /* TestProject */ = {
			isa = PBXGroup;
			children = (
				528884A220C3CACE007D90BD /* AppDelegate.swift */,
				528884A420C3CACE007D90BD /* ViewController.swift */,
				528884A620C3CACE007D90BD /* Main.storyboard */,
				528884A920C3CACF007D90BD /* Assets.xcassets */,
				528884AB20C3CACF007D90BD /* LaunchScreen.storyboard */,
				528884AE20C3CACF007D90BD /* Info.plist */,
			);
			path = TestProject;
			sourceTree = "<group>";
		};
		528884B620C3CACF007D90BD /* TestProjectTests */ = {
			isa = PBXGroup;
			children = (
				528884B720C3CACF007D90BD /* TestProjectTests.swift */,
				528884B920C3CACF007D90BD /* Info.plist */,
			);
			path = TestProjectTests;
			sourceTree = "<group>";
		};
		528884C120C3CACF007D90BD /* TestProjectUITests */ = {
			isa = PBXGroup;
			children = (
				528884C220C3CACF007D90BD /* TestProjectUITests.swift */,
				528884C420C3CACF007D90BD /* Info.plist */,
			);
			path = TestProjectUITests;
			sourceTree = "<group>";
		};
/* End PBXGroup section */

/* Begin PBXNativeTarget section */
		5288849E20C3CACE007D90BD /* Janken_Battle */ = {
			isa = PBXNativeTarget;
			buildConfigurationList = 528884C720C3CACF007D90BD /* Build configuration list for PBXNativeTarget "Janken_Battle" */;
			buildPhases = (
				5288849B20C3CACE007D90BD /* Sources */,
				5288849C20C3CACE007D90BD /* Frameworks */,
				5288849D20C3CACE007D90BD /* Resources */,
			);
			buildRules = (
			);
			dependencies = (
			);
			name = Janken_Battle;
			productName = TestProject;
			productReference = 5288849F20C3CACE007D90BD /* Janken_Battle.app */;
			productType = "com.apple.product-type.application";
		};
		528884B220C3CACF007D90BD /* Janken_BattleTests */ = {
			isa = PBXNativeTarget;
			buildConfigurationList = 528884CA20C3CACF007D90BD /* Build configuration list for PBXNativeTarget "Janken_BattleTests" */;
			buildPhases = (
				528884AF20C3CACF007D90BD /* Sources */,
				528884B020C3CACF007D90BD /* Frameworks */,
				528884B120C3CACF007D90BD /* Resources */,
			);
			buildRules = (
			);
			dependencies = (
				528884B520C3CACF007D90BD /* PBXTargetDependency */,
			);
			name = Janken_BattleTests;
			productName = TestProjectTests;
			productReference = 528884B320C3CACF007D90BD /* Janken_BattleTests.xctest */;
			productType = "com.apple.product-type.bundle.unit-test";
		};
		528884BD20C3CACF007D90BD /* Janken_BattleUITests */ = {
			isa = PBXNativeTarget;
			buildConfigurationList = 528884CD20C3CACF007D90BD /* Build configuration list for PBXNativeTarget "Janken_BattleUITests" */;
			buildPhases = (
				528884BA20C3CACF007D90BD /* Sources */,
				528884BB20C3CACF007D90BD /* Frameworks */,
				528884BC20C3CACF007D90BD /* Resources */,
			);
			buildRules = (
			);
			dependencies = (
				528884C020C3CACF007D90BD /* PBXTargetDependency */,
			);
			name = Janken_BattleUITests;
			productName = TestProjectUITests;
			productReference = 528884BE20C3CACF007D90BD /* Janken_BattleUITests.xctest */;
			productType = "com.apple.product-type.bundle.ui-testing";
		};
/* End PBXNativeTarget section */

/* Begin PBXProject section */
		5288849720C3CACE007D90BD /* Project object */ = {
			isa = PBXProject;
			attributes = {
				LastSwiftUpdateCheck = 0940;
				LastUpgradeCheck = 0940;
				ORGANIZATIONNAME = ymgn;
				TargetAttributes = {
					5288849E20C3CACE007D90BD = {
						CreatedOnToolsVersion = 9.4;
					};
					528884B220C3CACF007D90BD = {
						CreatedOnToolsVersion = 9.4;
						TestTargetID = 5288849E20C3CACE007D90BD;
					};
					528884BD20C3CACF007D90BD = {
						CreatedOnToolsVersion = 9.4;
						TestTargetID = 5288849E20C3CACE007D90BD;
					};
				};
			};
			buildConfigurationList = 5288849A20C3CACE007D90BD /* Build configuration list for PBXProject "Janken_Battle" */;
			compatibilityVersion = "Xcode 9.3";
			developmentRegion = en;
			hasScannedForEncodings = 0;
			knownRegions = (
				en,
				Base,
			);
			mainGroup = 5288849620C3CACE007D90BD;
			productRefGroup = 528884A020C3CACE007D90BD /* Products */;
			projectDirPath = "";
			projectRoot = "";
			targets = (
				5288849E20C3CACE007D90BD /* Janken_Battle */,
				528884B220C3CACF007D90BD /* Janken_BattleTests */,
				528884BD20C3CACF007D90BD /* Janken_BattleUITests */,
			);
		};
/* End PBXProject section */

/* Begin PBXResourcesBuildPhase section */
		5288849D20C3CACE007D90BD /* Resources */ = {
			isa = PBXResourcesBuildPhase;
			buildActionMask = 2147483647;
			files = (
				528884AD20C3CACF007D90BD /* LaunchScreen.storyboard in Resources */,
				528884AA20C3CACF007D90BD /* Assets.xcassets in Resources */,
				528884A820C3CACE007D90BD /* Main.storyboard in Resources */,
			);
			runOnlyForDeploymentPostprocessing = 0;
		};
		528884B120C3CACF007D90BD /* Resources */ = {
			isa = PBXResourcesBuildPhase;
			buildActionMask = 2147483647;
			files = (
			);
			runOnlyForDeploymentPostprocessing = 0;
		};
		528884BC20C3CACF007D90BD /* Resources */ = {
			isa = PBXResourcesBuildPhase;
			buildActionMask = 2147483647;
			files = (
			);
			runOnlyForDeploymentPostprocessing = 0;
		};
/* End PBXResourcesBuildPhase section */

/* Begin PBXSourcesBuildPhase section */
		5288849B20C3CACE007D90BD /* Sources */ = {
			isa = PBXSourcesBuildPhase;
			buildActionMask = 2147483647;
			files = (
				528884A520C3CACE007D90BD /* ViewController.swift in Sources */,
				528884A320C3CACE007D90BD /* AppDelegate.swift in Sources */,
			);
			runOnlyForDeploymentPostprocessing = 0;
		};
		528884AF20C3CACF007D90BD /* Sources */ = {
			isa = PBXSourcesBuildPhase;
			buildActionMask = 2147483647;
			files = (
				528884B820C3CACF007D90BD /* TestProjectTests.swift in Sources */,
			);
			runOnlyForDeploymentPostprocessing = 0;
		};
		528884BA20C3CACF007D90BD /* Sources */ = {
			isa = PBXSourcesBuildPhase;
			buildActionMask = 2147483647;
			files = (
				528884C320C3CACF007D90BD /* TestProjectUITests.swift in Sources */,
			);
			runOnlyForDeploymentPostprocessing = 0;
		};
/* End PBXSourcesBuildPhase section */

/* Begin PBXTargetDependency section */
		528884B520C3CACF007D90BD /* PBXTargetDependency */ = {
			isa = PBXTargetDependency;
			target = 5288849E20C3CACE007D90BD /* Janken_Battle */;
			targetProxy = 528884B420C3CACF007D90BD /* PBXContainerItemProxy */;
		};
		528884C020C3CACF007D90BD /* PBXTargetDependency */ = {
			isa = PBXTargetDependency;
			target = 5288849E20C3CACE007D90BD /* Janken_Battle */;
			targetProxy = 528884BF20C3CACF007D90BD /* PBXContainerItemProxy */;
		};
/* End PBXTargetDependency section */

/* Begin PBXVariantGroup section */
		528884A620C3CACE007D90BD /* Main.storyboard */ = {
			isa = PBXVariantGroup;
			children = (
				528884A720C3CACE007D90BD /* Base */,
			);
			name = Main.storyboard;
			sourceTree = "<group>";
		};
		528884AB20C3CACF007D90BD /* LaunchScreen.storyboard */ = {
			isa = PBXVariantGroup;
			children = (
				528884AC20C3CACF007D90BD /* Base */,
			);
			name = LaunchScreen.storyboard;
			sourceTree = "<group>";
		};
/* End PBXVariantGroup section */

/* Begin XCBuildConfiguration section */
		528884C520C3CACF007D90BD /* Debug */ = {
			isa = XCBuildConfiguration;
			buildSettings = {
				ALWAYS_SEARCH_USER_PATHS = NO;
				CLANG_ANALYZER_NONNULL = YES;
				CLANG_ANALYZER_NUMBER_OBJECT_CONVERSION = YES_AGGRESSIVE;
				CLANG_CXX_LANGUAGE_STANDARD = "gnu++14";
				CLANG_CXX_LIBRARY = "libc++";
				CLANG_ENABLE_MODULES = YES;
				CLANG_ENABLE_OBJC_ARC = YES;
				CLANG_ENABLE_OBJC_WEAK = YES;
				CLANG_WARN_BLOCK_CAPTURE_AUTORELEASING = YES;
				CLANG_WARN_BOOL_CONVERSION = YES;
				CLANG_WARN_COMMA = YES;
				CLANG_WARN_CONSTANT_CONVERSION = YES;
				CLANG_WARN_DEPRECATED_OBJC_IMPLEMENTATIONS = YES;
				CLANG_WARN_DIRECT_OBJC_ISA_USAGE = YES_ERROR;
				CLANG_WARN_DOCUMENTATION_COMMENTS = YES;
				CLANG_WARN_EMPTY_BODY = YES;
				CLANG_WARN_ENUM_CONVERSION = YES;
				CLANG_WARN_INFINITE_RECURSION = YES;
				CLANG_WARN_INT_CONVERSION = YES;
				CLANG_WARN_NON_LITERAL_NULL_CONVERSION = YES;
				CLANG_WARN_OBJC_IMPLICIT_RETAIN_SELF = YES;
				CLANG_WARN_OBJC_LITERAL_CONVERSION = YES;
				CLANG_WARN_OBJC_ROOT_CLASS = YES_ERROR;
				CLANG_WARN_RANGE_LOOP_ANALYSIS = YES;
				CLANG_WARN_STRICT_PROTOTYPES = YES;
				CLANG_WARN_SUSPICIOUS_MOVE = YES;
				CLANG_WARN_UNGUARDED_AVAILABILITY = YES_AGGRESSIVE;
				CLANG_WARN_UNREACHABLE_CODE = YES;
				CLANG_WARN__DUPLICATE_METHOD_MATCH = YES;
				CODE_SIGN_IDENTITY = "iPhone Developer";
				COPY_PHASE_STRIP = NO;
				DEBUG_INFORMATION_FORMAT = dwarf;
				ENABLE_STRICT_OBJC_MSGSEND = YES;
				ENABLE_TESTABILITY = YES;
				GCC_C_LANGUAGE_STANDARD = gnu11;
				GCC_DYNAMIC_NO_PIC = NO;
				GCC_NO_COMMON_BLOCKS = YES;
				GCC_OPTIMIZATION_LEVEL = 0;
				GCC_PREPROCESSOR_DEFINITIONS = (
					"DEBUG=1",
					"$(inherited)",
				);
				GCC_WARN_64_TO_32_BIT_CONVERSION = YES;
				GCC_WARN_ABOUT_RETURN_TYPE = YES_ERROR;
				GCC_WARN_UNDECLARED_SELECTOR = YES;
				GCC_WARN_UNINITIALIZED_AUTOS = YES_AGGRESSIVE;
				GCC_WARN_UNUSED_FUNCTION = YES;
				GCC_WARN_UNUSED_VARIABLE = YES;
				IPHONEOS_DEPLOYMENT_TARGET = 11.4;
				MTL_ENABLE_DEBUG_INFO = YES;
				ONLY_ACTIVE_ARCH = YES;
				SDKROOT = iphoneos;
				SWIFT_ACTIVE_COMPILATION_CONDITIONS = DEBUG;
				SWIFT_OPTIMIZATION_LEVEL = "-Onone";
			};
			name = Debug;
		};
		528884C620C3CACF007D90BD /* Release */ = {
			isa = XCBuildConfiguration;
			buildSettings = {
				ALWAYS_SEARCH_USER_PATHS = NO;
				CLANG_ANALYZER_NONNULL = YES;
				CLANG_ANALYZER_NUMBER_OBJECT_CONVERSION = YES_AGGRESSIVE;
				CLANG_CXX_LANGUAGE_STANDARD = "gnu++14";
				CLANG_CXX_LIBRARY = "libc++";
				CLANG_ENABLE_MODULES = YES;
				CLANG_ENABLE_OBJC_ARC = YES;
				CLANG_ENABLE_OBJC_WEAK = YES;
				CLANG_WARN_BLOCK_CAPTURE_AUTORELEASING = YES;
				CLANG_WARN_BOOL_CONVERSION = YES;
				CLANG_WARN_COMMA = YES;
				CLANG_WARN_CONSTANT_CONVERSION = YES;
				CLANG_WARN_DEPRECATED_OBJC_IMPLEMENTATIONS = YES;
				CLANG_WARN_DIRECT_OBJC_ISA_USAGE = YES_ERROR;
				CLANG_WARN_DOCUMENTATION_COMMENTS = YES;
				CLANG_WARN_EMPTY_BODY = YES;
				CLANG_WARN_ENUM_CONVERSION = YES;
				CLANG_WARN_INFINITE_RECURSION = YES;
				CLANG_WARN_INT_CONVERSION = YES;
				CLANG_WARN_NON_LITERAL_NULL_CONVERSION = YES;
				CLANG_WARN_OBJC_IMPLICIT_RETAIN_SELF = YES;
				CLANG_WARN_OBJC_LITERAL_CONVERSION = YES;
				CLANG_WARN_OBJC_ROOT_CLASS = YES_ERROR;
				CLANG_WARN_RANGE_LOOP_ANALYSIS = YES;
				CLANG_WARN_STRICT_PROTOTYPES = YES;
				CLANG_WARN_SUSPICIOUS_MOVE = YES;
				CLANG_WARN_UNGUARDED_AVAILABILITY = YES_AGGRESSIVE;
				CLANG_WARN_UNREACHABLE_CODE = YES;
				CLANG_WARN__DUPLICATE_METHOD_MATCH = YES;
				CODE_SIGN_IDENTITY = "iPhone Developer";
				COPY_PHASE_STRIP = NO;
				DEBUG_INFORMATION_FORMAT = "dwarf-with-dsym";
				ENABLE_NS_ASSERTIONS = NO;
				ENABLE_STRICT_OBJC_MSGSEND = YES;
				GCC_C_LANGUAGE_STANDARD = gnu11;
				GCC_NO_COMMON_BLOCKS = YES;
				GCC_WARN_64_TO_32_BIT_CONVERSION = YES;
				GCC_WARN_ABOUT_RETURN_TYPE = YES_ERROR;
				GCC_WARN_UNDECLARED_SELECTOR = YES;
				GCC_WARN_UNINITIALIZED_AUTOS = YES_AGGRESSIVE;
				GCC_WARN_UNUSED_FUNCTION = YES;
				GCC_WARN_UNUSED_VARIABLE = YES;
				IPHONEOS_DEPLOYMENT_TARGET = 11.4;
				MTL_ENABLE_DEBUG_INFO = NO;
				SDKROOT = iphoneos;
				SWIFT_COMPILATION_MODE = wholemodule;
				SWIFT_OPTIMIZATION_LEVEL = "-O";
				VALIDATE_PRODUCT = YES;
			};
			name = Release;
		};
		528884C820C3CACF007D90BD /* Debug */ = {
			isa = XCBuildConfiguration;
			buildSettings = {
				ASSETCATALOG_COMPILER_APPICON_NAME = AppIcon;
				CODE_SIGN_STYLE = Automatic;
				DEVELOPMENT_TEAM = Z23YQJ49WW;
				INFOPLIST_FILE = TestProject/Info.plist;
				LD_RUNPATH_SEARCH_PATHS = (
					"$(inherited)",
					"@executable_path/Frameworks",
				);
				PRODUCT_BUNDLE_IDENTIFIER = com.ymgn.TestProject;
				PRODUCT_NAME = "$(TARGET_NAME)";
				SWIFT_VERSION = 4.0;
				TARGETED_DEVICE_FAMILY = "1,2";
			};
			name = Debug;
		};
		528884C920C3CACF007D90BD /* Release */ = {
			isa = XCBuildConfiguration;
			buildSettings = {
				ASSETCATALOG_COMPILER_APPICON_NAME = AppIcon;
				CODE_SIGN_STYLE = Automatic;
				DEVELOPMENT_TEAM = Z23YQJ49WW;
				INFOPLIST_FILE = TestProject/Info.plist;
				LD_RUNPATH_SEARCH_PATHS = (
					"$(inherited)",
					"@executable_path/Frameworks",
				);
				PRODUCT_BUNDLE_IDENTIFIER = com.ymgn.TestProject;
				PRODUCT_NAME = "$(TARGET_NAME)";
				SWIFT_VERSION = 4.0;
				TARGETED_DEVICE_FAMILY = "1,2";
			};
			name = Release;
		};
		528884CB20C3CACF007D90BD /* Debug */ = {
			isa = XCBuildConfiguration;
			buildSettings = {
				ALWAYS_EMBED_SWIFT_STANDARD_LIBRARIES = YES;
				BUNDLE_LOADER = "$(TEST_HOST)";
				CODE_SIGN_STYLE = Automatic;
				DEVELOPMENT_TEAM = Z23YQJ49WW;
				INFOPLIST_FILE = TestProjectTests/Info.plist;
				LD_RUNPATH_SEARCH_PATHS = (
					"$(inherited)",
					"@executable_path/Frameworks",
					"@loader_path/Frameworks",
				);
				PRODUCT_BUNDLE_IDENTIFIER = com.ymgn.TestProjectTests;
				PRODUCT_NAME = "$(TARGET_NAME)";
				SWIFT_VERSION = 4.0;
				TARGETED_DEVICE_FAMILY = "1,2";
				TEST_HOST = "$(BUILT_PRODUCTS_DIR)/Janken_Battle.app/Janken_Battle";
			};
			name = Debug;
		};
		528884CC20C3CACF007D90BD /* Release */ = {
			isa = XCBuildConfiguration;
			buildSettings = {
				ALWAYS_EMBED_SWIFT_STANDARD_LIBRARIES = YES;
				BUNDLE_LOADER = "$(TEST_HOST)";
				CODE_SIGN_STYLE = Automatic;
				DEVELOPMENT_TEAM = Z23YQJ49WW;
				INFOPLIST_FILE = TestProjectTests/Info.plist;
				LD_RUNPATH_SEARCH_PATHS = (
					"$(inherited)",
					"@executable_path/Frameworks",
					"@loader_path/Frameworks",
				);
				PRODUCT_BUNDLE_IDENTIFIER = com.ymgn.TestProjectTests;
				PRODUCT_NAME = "$(TARGET_NAME)";
				SWIFT_VERSION = 4.0;
				TARGETED_DEVICE_FAMILY = "1,2";
				TEST_HOST = "$(BUILT_PRODUCTS_DIR)/Janken_Battle.app/Janken_Battle";
			};
			name = Release;
		};
		528884CE20C3CACF007D90BD /* Debug */ = {
			isa = XCBuildConfiguration;
			buildSettings = {
				ALWAYS_EMBED_SWIFT_STANDARD_LIBRARIES = YES;
				CODE_SIGN_STYLE = Automatic;
				DEVELOPMENT_TEAM = Z23YQJ49WW;
				INFOPLIST_FILE = TestProjectUITests/Info.plist;
				LD_RUNPATH_SEARCH_PATHS = (
					"$(inherited)",
					"@executable_path/Frameworks",
					"@loader_path/Frameworks",
				);
				PRODUCT_BUNDLE_IDENTIFIER = com.ymgn.TestProjectUITests;
				PRODUCT_NAME = "$(TARGET_NAME)";
				SWIFT_VERSION = 4.0;
				TARGETED_DEVICE_FAMILY = "1,2";
				TEST_TARGET_NAME = TestProject;
			};
			name = Debug;
		};
		528884CF20C3CACF007D90BD /* Release */ = {
			isa = XCBuildConfiguration;
			buildSettings = {
				ALWAYS_EMBED_SWIFT_STANDARD_LIBRARIES = YES;
				CODE_SIGN_STYLE = Automatic;
				DEVELOPMENT_TEAM = Z23YQJ49WW;
				INFOPLIST_FILE = TestProjectUITests/Info.plist;
				LD_RUNPATH_SEARCH_PATHS = (
					"$(inherited)",
					"@executable_path/Frameworks",
					"@loader_path/Frameworks",
				);
				PRODUCT_BUNDLE_IDENTIFIER = com.ymgn.TestProjectUITests;
				PRODUCT_NAME = "$(TARGET_NAME)";
				SWIFT_VERSION = 4.0;
				TARGETED_DEVICE_FAMILY = "1,2";
				TEST_TARGET_NAME = TestProject;
			};
			name = Release;
		};
/* End XCBuildConfiguration section */

/* Begin XCConfigurationList section */
		5288849A20C3CACE007D90BD /* Build configuration list for PBXProject "Janken_Battle" */ = {
			isa = XCConfigurationList;
			buildConfigurations = (
				528884C520C3CACF007D90BD /* Debug */,
				528884C620C3CACF007D90BD /* Release */,
			);
			defaultConfigurationIsVisible = 0;
			defaultConfigurationName = Release;
		};
		528884C720C3CACF007D90BD /* Build configuration list for PBXNativeTarget "Janken_Battle" */ = {
			isa = XCConfigurationList;
			buildConfigurations = (
				528884C820C3CACF007D90BD /* Debug */,
				528884C920C3CACF007D90BD /* Release */,
			);
			defaultConfigurationIsVisible = 0;
			defaultConfigurationName = Release;
		};
		528884CA20C3CACF007D90BD /* Build configuration list for PBXNativeTarget "Janken_BattleTests" */ = {
			isa = XCConfigurationList;
			buildConfigurations = (
				528884CB20C3CACF007D90BD /* Debug */,
				528884CC20C3CACF007D90BD /* Release */,
			);
			defaultConfigurationIsVisible = 0;
			defaultConfigurationName = Release;
		};
		528884CD20C3CACF007D90BD /* Build configuration list for PBXNativeTarget "Janken_BattleUITests" */ = {
			isa = XCConfigurationList;
			buildConfigurations = (
				528884CE20C3CACF007D90BD /* Debug */,
				528884CF20C3CACF007D90BD /* Release */,
			);
			defaultConfigurationIsVisible = 0;
			defaultConfigurationName = Release;
		};
/* End XCConfigurationList section */
	};
	rootObject = 5288849720C3CACE007D90BD /* Project object */;
}
